
Microsoft Visual Studio Solution File, Format Version 12.00
# Visual Studio Version 16
VisualStudioVersion = 16.0.31205.134
MinimumVisualStudioVersion = 10.0.40219.1
Project("{FAE04EC0-301F-11D3-BF4B-00C04F79EFBC}") = "app_voda.Android", "app_voda\app_voda.Android\app_voda.Android.csproj", "{93CB68CF-5E12-472A-B687-72FF44146CC9}"
EndProject
Project("{FAE04EC0-301F-11D3-BF4B-00C04F79EFBC}") = "app_voda.iOS", "app_voda\app_voda.iOS\app_voda.iOS.csproj", "{B9AFF9F1-E429-4840-9C70-967478A74979}"
EndProject
Project("{FAE04EC0-301F-11D3-BF4B-00C04F79EFBC}") = "app_voda", "app_voda\app_voda\app_voda.csproj", "{39EF4E26-5CA8-402B-B6BB-0D6DBFAB9C86}"
EndProject
Global
	GlobalSection(SolutionConfigurationPlatforms) = preSolution
		Debug|Any CPU = Debug|Any CPU
		Debug|iPhone = Debug|iPhone
		Debug|iPhoneSimulator = Debug|iPhoneSimulator
		Release|Any CPU = Release|Any CPU
		Release|iPhone = Release|iPhone
		Release|iPhoneSimulator = Release|iPhoneSimulator
	EndGlobalSection
	GlobalSection(ProjectConfigurationPlatforms) = postSolution
		{93CB68CF-5E12-472A-B687-72FF44146CC9}.Debug|Any CPU.ActiveCfg = Debug|Any CPU
		{93CB68CF-5E12-472A-B687-72FF44146CC9}.Debug|Any CPU.Build.0 = Debug|Any CPU
		{93CB68CF-5E12-472A-B687-72FF44146CC9}.Debug|Any CPU.Deploy.0 = Debug|Any CPU
		{93CB68CF-5E12-472A-B687-72FF44146CC9}.Debug|iPhone.ActiveCfg = Debug|Any CPU
		{93CB68CF-5E12-472A-B687-72FF44146CC9}.Debug|iPhone.Build.0 = Debug|Any CPU
		{93CB68CF-5E12-472A-B687-72FF44146CC9}.Debug|iPhone.Deploy.0 = Debug|Any CPU
		{93CB68CF-5E12-472A-B687-72FF44146CC9}.Debug|iPhoneSimulator.ActiveCfg = Debug|Any CPU
		{93CB68CF-5E12-472A-B687-72FF44146CC9}.Debug|iPhoneSimulator.Build.0 = Debug|Any CPU
		{93CB68CF-5E12-472A-B687-72FF44146CC9}.Debug|iPhoneSimulator.Deploy.0 = Debug|Any CPU
		{93CB68CF-5E12-472A-B687-72FF44146CC9}.Release|Any CPU.ActiveCfg = Release|Any CPU
		{93CB68CF-5E12-472A-B687-72FF44146CC9}.Release|Any CPU.Build.0 = Release|Any CPU
		{93CB68CF-5E12-472A-B687-72FF44146CC9}.Release|Any CPU.Deploy.0 = Release|Any CPU
		{93CB68CF-5E12-472A-B687-72FF44146CC9}.Release|iPhone.ActiveCfg = Release|Any CPU
		{93CB68CF-5E12-472A-B687-72FF44146CC9}.Release|iPhone.Build.0 = Release|Any CPU
		{93CB68CF-5E12-472A-B687-72FF44146CC9}.Release|iPhone.Deploy.0 = Release|Any CPU
		{93CB68CF-5E12-472A-B687-72FF44146CC9}.Release|iPhoneSimulator.ActiveCfg = Release|Any CPU
		{93CB68CF-5E12-472A-B687-72FF44146CC9}.Release|iPhoneSimulator.Build.0 = Release|Any CPU
		{93CB68CF-5E12-472A-B687-72FF44146CC9}.Release|iPhoneSimulator.Deploy.0 = Release|Any CPU
		{B9AFF9F1-E429-4840-9C70-967478A74979}.Debug|Any CPU.ActiveCfg = Debug|iPhone
		{B9AFF9F1-E429-4840-9C70-967478A74979}.Debug|Any CPU.Build.0 = Debug|iPhone
		{B9AFF9F1-E429-4840-9C70-967478A74979}.Debug|Any CPU.Deploy.0 = Debug|iPhone
		{B9AFF9F1-E429-4840-9C70-967478A74979}.Debug|iPhone.ActiveCfg = Debug|iPhone
		{B9AFF9F1-E429-4840-9C70-967478A74979}.Debug|iPhone.Build.0 = Debug|iPhone
		{B9AFF9F1-E429-4840-9C70-967478A74979}.Debug|iPhone.Deploy.0 = Debug|iPhone
		{B9AFF9F1-E429-4840-9C70-967478A74979}.Debug|iPhoneSimulator.ActiveCfg = Debug|iPhoneSimulator
		{B9AFF9F1-E429-4840-9C70-967478A74979}.Debug|iPhoneSimulator.Build.0 = Debug|iPhoneSimulator
		{B9AFF9F1-E429-4840-9C70-967478A74979}.Debug|iPhoneSimulator.Deploy.0 = Debug|iPhoneSimulator
		{B9AFF9F1-E429-4840-9C70-967478A74979}.Release|Any CPU.ActiveCfg = Release|iPhoneSimulator
		{B9AFF9F1-E429-4840-9C70-967478A74979}.Release|Any CPU.Build.0 = Release|iPhoneSimulator
		{B9AFF9F1-E429-4840-9C70-967478A74979}.Release|Any CPU.Deploy.0 = Release|iPhoneSimulator
		{B9AFF9F1-E429-4840-9C70-967478A74979}.Release|iPhone.ActiveCfg = Release|iPhone
		{B9AFF9F1-E429-4840-9C70-967478A74979}.Release|iPhone.Build.0 = Release|iPhone
		{B9AFF9F1-E429-4840-9C70-967478A74979}.Release|iPhone.Deploy.0 = Release|iPhone
		{B9AFF9F1-E429-4840-9C70-967478A74979}.Release|iPhoneSimulator.ActiveCfg = Release|iPhoneSimulator
		{B9AFF9F1-E429-4840-9C70-967478A74979}.Release|iPhoneSimulator.Build.0 = Release|iPhoneSimulator
		{B9AFF9F1-E429-4840-9C70-967478A74979}.Release|iPhoneSimulator.Deploy.0 = Release|iPhoneSimulator
		{39EF4E26-5CA8-402B-B6BB-0D6DBFAB9C86}.Debug|Any CPU.ActiveCfg = Debug|Any CPU
		{39EF4E26-5CA8-402B-B6BB-0D6DBFAB9C86}.Debug|Any CPU.Build.0 = Debug|Any CPU
		{39EF4E26-5CA8-402B-B6BB-0D6DBFAB9C86}.Debug|Any CPU.Deploy.0 = Debug|Any CPU
		{39EF4E26-5CA8-402B-B6BB-0D6DBFAB9C86}.Debug|iPhone.ActiveCfg = Debug|Any CPU
		{39EF4E26-5CA8-402B-B6BB-0D6DBFAB9C86}.Debug|iPhone.Build.0 = Debug|Any CPU
		{39EF4E26-5CA8-402B-B6BB-0D6DBFAB9C86}.Debug|iPhone.Deploy.0 = Debug|Any CPU
		{39EF4E26-5CA8-402B-B6BB-0D6DBFAB9C86}.Debug|iPhoneSimulator.ActiveCfg = Debug|Any CPU
		{39EF4E26-5CA8-402B-B6BB-0D6DBFAB9C86}.Debug|iPhoneSimulator.Build.0 = Debug|Any CPU
		{39EF4E26-5CA8-402B-B6BB-0D6DBFAB9C86}.Debug|iPhoneSimulator.Deploy.0 = Debug|Any CPU
		{39EF4E26-5CA8-402B-B6BB-0D6DBFAB9C86}.Release|Any CPU.ActiveCfg = Release|Any CPU
		{39EF4E26-5CA8-402B-B6BB-0D6DBFAB9C86}.Release|Any CPU.Build.0 = Release|Any CPU
		{39EF4E26-5CA8-402B-B6BB-0D6DBFAB9C86}.Release|Any CPU.Deploy.0 = Release|Any CPU
		{39EF4E26-5CA8-402B-B6BB-0D6DBFAB9C86}.Release|iPhone.ActiveCfg = Release|Any CPU
		{39EF4E26-5CA8-402B-B6BB-0D6DBFAB9C86}.Release|iPhone.Build.0 = Release|Any CPU
		{39EF4E26-5CA8-402B-B6BB-0D6DBFAB9C86}.Release|iPhone.Deploy.0 = Release|Any CPU
		{39EF4E26-5CA8-402B-B6BB-0D6DBFAB9C86}.Release|iPhoneSimulator.ActiveCfg = Release|Any CPU
		{39EF4E26-5CA8-402B-B6BB-0D6DBFAB9C86}.Release|iPhoneSimulator.Build.0 = Release|Any CPU
		{39EF4E26-5CA8-402B-B6BB-0D6DBFAB9C86}.Release|iPhoneSimulator.Deploy.0 = Release|Any CPU
	EndGlobalSection
	GlobalSection(SolutionProperties) = preSolution
		HideSolutionNode = FALSE
	EndGlobalSection
	GlobalSection(ExtensibilityGlobals) = postSolution
		SolutionGuid = {69AB1939-154D-483C-A68D-C814EDE47BBC}
	EndGlobalSection
EndGlobal
